
Microsoft Visual Studio Solution File, Format Version 12.00
# Visual Studio Version 16
VisualStudioVersion = 16.0.810.7
MinimumVisualStudioVersion = 10.0.40219.1
Project("{FAE04EC0-301F-11D3-BF4B-00C04F79EFBC}") = "Technology", "Technology\Technology.csproj", "{C658BA19-E1E3-44D7-8A58-2FCAE297CBC7}"
EndProject
Project("{FAE04EC0-301F-11D3-BF4B-00C04F79EFBC}") = "TechnologyTests", "TechnologyTests\TechnologyTests.csproj", "{06D2E5D7-9861-41C3-A672-A1A361BE1990}"
EndProject
Global
	GlobalSection(SolutionConfigurationPlatforms) = preSolution
		Debug|Any CPU = Debug|Any CPU
		Release|Any CPU = Release|Any CPU
	EndGlobalSection
	GlobalSection(ProjectConfigurationPlatforms) = postSolution
		{C658BA19-E1E3-44D7-8A58-2FCAE297CBC7}.Debug|Any CPU.ActiveCfg = Debug|Any CPU
		{C658BA19-E1E3-44D7-8A58-2FCAE297CBC7}.Debug|Any CPU.Build.0 = Debug|Any CPU
		{C658BA19-E1E3-44D7-8A58-2FCAE297CBC7}.Release|Any CPU.ActiveCfg = Release|Any CPU
		{C658BA19-E1E3-44D7-8A58-2FCAE297CBC7}.Release|Any CPU.Build.0 = Release|Any CPU
		{06D2E5D7-9861-41C3-A672-A1A361BE1990}.Debug|Any CPU.ActiveCfg = Debug|Any CPU
		{06D2E5D7-9861-41C3-A672-A1A361BE1990}.Debug|Any CPU.Build.0 = Debug|Any CPU
		{06D2E5D7-9861-41C3-A672-A1A361BE1990}.Release|Any CPU.ActiveCfg = Release|Any CPU
		{06D2E5D7-9861-41C3-A672-A1A361BE1990}.Release|Any CPU.Build.0 = Release|Any CPU
	EndGlobalSection
	GlobalSection(SolutionProperties) = preSolution
		HideSolutionNode = FALSE
	EndGlobalSection
	GlobalSection(ExtensibilityGlobals) = postSolution
		SolutionGuid = {92F3DEA6-9250-442C-97C9-83C546E5CAC5}
	EndGlobalSection
EndGlobal
